// !$*UTF8*$!
{
	archiveVersion = 1;
	classes = {
	};
	objectVersion = 77;
	objects = {

/* Begin PBXContainerItemProxy section */
		732F90C12E05B9C900CD4CED /* PBXContainerItemProxy */ = {
			isa = PBXContainerItemProxy;
			containerPortal = 732F90AB2E05B9C700CD4CED /* Project object */;
			proxyType = 1;
			remoteGlobalIDString = 732F90B22E05B9C700CD4CED;
			remoteInfo = PassKit;
		};
		732F90CB2E05B9C900CD4CED /* PBXContainerItemProxy */ = {
			isa = PBXContainerItemProxy;
			containerPortal = 732F90AB2E05B9C700CD4CED /* Project object */;
			proxyType = 1;
			remoteGlobalIDString = 732F90B22E05B9C700CD4CED;
			remoteInfo = PassKit;
		};
/* End PBXContainerItemProxy section */

/* Begin PBXFileReference section */
		732F90B32E05B9C700CD4CED /* PassKit.app */ = {isa = PBXFileReference; explicitFileType = wrapper.application; includeInIndex = 0; path = PassKit.app; sourceTree = BUILT_PRODUCTS_DIR; };
		732F90C02E05B9C900CD4CED /* PassKitTests.xctest */ = {isa = PBXFileReference; explicitFileType = wrapper.cfbundle; includeInIndex = 0; path = PassKitTests.xctest; sourceTree = BUILT_PRODUCTS_DIR; };
		732F90CA2E05B9C900CD4CED /* PassKitUITests.xctest */ = {isa = PBXFileReference; explicitFileType = wrapper.cfbundle; includeInIndex = 0; path = PassKitUITests.xctest; sourceTree = BUILT_PRODUCTS_DIR; };
/* End PBXFileReference section */

/* Begin PBXFileSystemSynchronizedRootGroup section */
		732F90B52E05B9C700CD4CED /* PassKit */ = {
			isa = PBXFileSystemSynchronizedRootGroup;
			path = PassKit;
			sourceTree = "<group>";
		};
		732F90C32E05B9C900CD4CED /* PassKitTests */ = {
			isa = PBXFileSystemSynchronizedRootGroup;
			path = PassKitTests;
			sourceTree = "<group>";
		};
		732F90CD2E05B9C900CD4CED /* PassKitUITests */ = {
			isa = PBXFileSystemSynchronizedRootGroup;
			path = PassKitUITests;
			sourceTree = "<group>";
		};
/* End PBXFileSystemSynchronizedRootGroup section */

/* Begin PBXFrameworksBuildPhase section */
		732F90B02E05B9C700CD4CED /* Frameworks */ = {
			isa = PBXFrameworksBuildPhase;
			buildActionMask = 2147483647;
			files = (
			);
			runOnlyForDeploymentPostprocessing = 0;
		};
		732F90BD2E05B9C900CD4CED /* Frameworks */ = {
			isa = PBXFrameworksBuildPhase;
			buildActionMask = 2147483647;
			files = (
			);
			runOnlyForDeploymentPostprocessing = 0;
		};
		732F90C72E05B9C900CD4CED /* Frameworks */ = {
			isa = PBXFrameworksBuildPhase;
			buildActionMask = 2147483647;
			files = (
			);
			runOnlyForDeploymentPostprocessing = 0;
		};
/* End PBXFrameworksBuildPhase section */

/* Begin PBXGroup section */
		732F90AA2E05B9C700CD4CED = {
			isa = PBXGroup;
			children = (
				732F90B52E05B9C700CD4CED /* PassKit */,
				732F90C32E05B9C900CD4CED /* PassKitTests */,
				732F90CD2E05B9C900CD4CED /* PassKitUITests */,
				732F90B42E05B9C700CD4CED /* Products */,
			);
			sourceTree = "<group>";
		};
		732F90B42E05B9C700CD4CED /* Products */ = {
			isa = PBXGroup;
			children = (
				732F90B32E05B9C700CD4CED /* PassKit.app */,
				732F90C02E05B9C900CD4CED /* PassKitTests.xctest */,
				732F90CA2E05B9C900CD4CED /* PassKitUITests.xctest */,
			);
			name = Products;
			sourceTree = "<group>";
		};
/* End PBXGroup section */

/* Begin PBXNativeTarget section */
		732F90B22E05B9C700CD4CED /* PassKit */ = {
			isa = PBXNativeTarget;
			buildConfigurationList = 732F90D42E05B9C900CD4CED /* Build configuration list for PBXNativeTarget "PassKit" */;
			buildPhases = (
				732F90AF2E05B9C700CD4CED /* Sources */,
				732F90B02E05B9C700CD4CED /* Frameworks */,
				732F90B12E05B9C700CD4CED /* Resources */,
			);
			buildRules = (
			);
			dependencies = (
			);
			fileSystemSynchronizedGroups = (
				732F90B52E05B9C700CD4CED /* PassKit */,
			);
			name = PassKit;
			packageProductDependencies = (
			);
			productName = PassKit;
			productReference = 732F90B32E05B9C700CD4CED /* PassKit.app */;
			productType = "com.apple.product-type.application";
		};
		732F90BF2E05B9C900CD4CED /* PassKitTests */ = {
			isa = PBXNativeTarget;
			buildConfigurationList = 732F90D72E05B9C900CD4CED /* Build configuration list for PBXNativeTarget "PassKitTests" */;
			buildPhases = (
				732F90BC2E05B9C900CD4CED /* Sources */,
				732F90BD2E05B9C900CD4CED /* Frameworks */,
				732F90BE2E05B9C900CD4CED /* Resources */,
			);
			buildRules = (
			);
			dependencies = (
				732F90C22E05B9C900CD4CED /* PBXTargetDependency */,
			);
			fileSystemSynchronizedGroups = (
				732F90C32E05B9C900CD4CED /* PassKitTests */,
			);
			name = PassKitTests;
			packageProductDependencies = (
			);
			productName = PassKitTests;
			productReference = 732F90C02E05B9C900CD4CED /* PassKitTests.xctest */;
			productType = "com.apple.product-type.bundle.unit-test";
		};
		732F90C92E05B9C900CD4CED /* PassKitUITests */ = {
			isa = PBXNativeTarget;
			buildConfigurationList = 732F90DA2E05B9C900CD4CED /* Build configuration list for PBXNativeTarget "PassKitUITests" */;
			buildPhases = (
				732F90C62E05B9C900CD4CED /* Sources */,
				732F90C72E05B9C900CD4CED /* Frameworks */,
				732F90C82E05B9C900CD4CED /* Resources */,
			);
			buildRules = (
			);
			dependencies = (
				732F90CC2E05B9C900CD4CED /* PBXTargetDependency */,
			);
			fileSystemSynchronizedGroups = (
				732F90CD2E05B9C900CD4CED /* PassKitUITests */,
			);
			name = PassKitUITests;
			packageProductDependencies = (
			);
			productName = PassKitUITests;
			productReference = 732F90CA2E05B9C900CD4CED /* PassKitUITests.xctest */;
			productType = "com.apple.product-type.bundle.ui-testing";
		};
/* End PBXNativeTarget section */

/* Begin PBXProject section */
		732F90AB2E05B9C700CD4CED /* Project object */ = {
			isa = PBXProject;
			attributes = {
				BuildIndependentTargetsInParallel = 1;
				LastSwiftUpdateCheck = 2600;
				LastUpgradeCheck = 2600;
				TargetAttributes = {
					732F90B22E05B9C700CD4CED = {
						CreatedOnToolsVersion = 26.0;
					};
					732F90BF2E05B9C900CD4CED = {
						CreatedOnToolsVersion = 26.0;
						TestTargetID = 732F90B22E05B9C700CD4CED;
					};
					732F90C92E05B9C900CD4CED = {
						CreatedOnToolsVersion = 26.0;
						TestTargetID = 732F90B22E05B9C700CD4CED;
					};
				};
			};
			buildConfigurationList = 732F90AE2E05B9C700CD4CED /* Build configuration list for PBXProject "PassKit" */;
			developmentRegion = en;
			hasScannedForEncodings = 0;
			knownRegions = (
				en,
				Base,
			);
			mainGroup = 732F90AA2E05B9C700CD4CED;
			minimizedProjectReferenceProxies = 1;
			preferredProjectObjectVersion = 77;
			productRefGroup = 732F90B42E05B9C700CD4CED /* Products */;
			projectDirPath = "";
			projectRoot = "";
			targets = (
				732F90B22E05B9C700CD4CED /* PassKit */,
				732F90BF2E05B9C900CD4CED /* PassKitTests */,
				732F90C92E05B9C900CD4CED /* PassKitUITests */,
			);
		};
/* End PBXProject section */

/* Begin PBXResourcesBuildPhase section */
		732F90B12E05B9C700CD4CED /* Resources */ = {
			isa = PBXResourcesBuildPhase;
			buildActionMask = 2147483647;
			files = (
			);
			runOnlyForDeploymentPostprocessing = 0;
		};
		732F90BE2E05B9C900CD4CED /* Resources */ = {
			isa = PBXResourcesBuildPhase;
			buildActionMask = 2147483647;
			files = (
			);
			runOnlyForDeploymentPostprocessing = 0;
		};
		732F90C82E05B9C900CD4CED /* Resources */ = {
			isa = PBXResourcesBuildPhase;
			buildActionMask = 2147483647;
			files = (
			);
			runOnlyForDeploymentPostprocessing = 0;
		};
/* End PBXResourcesBuildPhase section */

/* Begin PBXSourcesBuildPhase section */
		732F90AF2E05B9C700CD4CED /* Sources */ = {
			isa = PBXSourcesBuildPhase;
			buildActionMask = 2147483647;
			files = (
			);
			runOnlyForDeploymentPostprocessing = 0;
		};
		732F90BC2E05B9C900CD4CED /* Sources */ = {
			isa = PBXSourcesBuildPhase;
			buildActionMask = 2147483647;
			files = (
			);
			runOnlyForDeploymentPostprocessing = 0;
		};
		732F90C62E05B9C900CD4CED /* Sources */ = {
			isa = PBXSourcesBuildPhase;
			buildActionMask = 2147483647;
			files = (
			);
			runOnlyForDeploymentPostprocessing = 0;
		};
/* End PBXSourcesBuildPhase section */

/* Begin PBXTargetDependency section */
		732F90C22E05B9C900CD4CED /* PBXTargetDependency */ = {
			isa = PBXTargetDependency;
			target = 732F90B22E05B9C700CD4CED /* PassKit */;
			targetProxy = 732F90C12E05B9C900CD4CED /* PBXContainerItemProxy */;
		};
		732F90CC2E05B9C900CD4CED /* PBXTargetDependency */ = {
			isa = PBXTargetDependency;
			target = 732F90B22E05B9C700CD4CED /* PassKit */;
			targetProxy = 732F90CB2E05B9C900CD4CED /* PBXContainerItemProxy */;
		};
/* End PBXTargetDependency section */

/* Begin XCBuildConfiguration section */
		732F90D22E05B9C900CD4CED /* Debug */ = {
			isa = XCBuildConfiguration;
			buildSettings = {
				ALWAYS_SEARCH_USER_PATHS = NO;
				ASSETCATALOG_COMPILER_GENERATE_SWIFT_ASSET_SYMBOL_EXTENSIONS = YES;
				CLANG_ANALYZER_NONNULL = YES;
				CLANG_ANALYZER_NUMBER_OBJECT_CONVERSION = YES_AGGRESSIVE;
				CLANG_CXX_LANGUAGE_STANDARD = "gnu++20";
				CLANG_ENABLE_MODULES = YES;
				CLANG_ENABLE_OBJC_ARC = YES;
				CLANG_ENABLE_OBJC_WEAK = YES;
				CLANG_WARN_BLOCK_CAPTURE_AUTORELEASING = YES;
				CLANG_WARN_BOOL_CONVERSION = YES;
				CLANG_WARN_COMMA = YES;
				CLANG_WARN_CONSTANT_CONVERSION = YES;
				CLANG_WARN_DEPRECATED_OBJC_IMPLEMENTATIONS = YES;
				CLANG_WARN_DIRECT_OBJC_ISA_USAGE = YES_ERROR;
				CLANG_WARN_DOCUMENTATION_COMMENTS = YES;
				CLANG_WARN_EMPTY_BODY = YES;
				CLANG_WARN_ENUM_CONVERSION = YES;
				CLANG_WARN_INFINITE_RECURSION = YES;
				CLANG_WARN_INT_CONVERSION = YES;
				CLANG_WARN_NON_LITERAL_NULL_CONVERSION = YES;
				CLANG_WARN_OBJC_IMPLICIT_RETAIN_SELF = YES;
				CLANG_WARN_OBJC_LITERAL_CONVERSION = YES;
				CLANG_WARN_OBJC_ROOT_CLASS = YES_ERROR;
				CLANG_WARN_QUOTED_INCLUDE_IN_FRAMEWORK_HEADER = YES;
				CLANG_WARN_RANGE_LOOP_ANALYSIS = YES;
				CLANG_WARN_STRICT_PROTOTYPES = YES;
				CLANG_WARN_SUSPICIOUS_MOVE = YES;
				CLANG_WARN_UNGUARDED_AVAILABILITY = YES_AGGRESSIVE;
				CLANG_WARN_UNREACHABLE_CODE = YES;
				CLANG_WARN__DUPLICATE_METHOD_MATCH = YES;
				COPY_PHASE_STRIP = NO;
				DEBUG_INFORMATION_FORMAT = dwarf;
				DEVELOPMENT_TEAM = XTNQ4MWC26;
				ENABLE_STRICT_OBJC_MSGSEND = YES;
				ENABLE_TESTABILITY = YES;
				ENABLE_USER_SCRIPT_SANDBOXING = YES;
				GCC_C_LANGUAGE_STANDARD = gnu17;
				GCC_DYNAMIC_NO_PIC = NO;
				GCC_NO_COMMON_BLOCKS = YES;
				GCC_OPTIMIZATION_LEVEL = 0;
				GCC_PREPROCESSOR_DEFINITIONS = (
					"DEBUG=1",
					"$(inherited)",
				);
				GCC_WARN_64_TO_32_BIT_CONVERSION = YES;
				GCC_WARN_ABOUT_RETURN_TYPE = YES_ERROR;
				GCC_WARN_UNDECLARED_SELECTOR = YES;
				GCC_WARN_UNINITIALIZED_AUTOS = YES_AGGRESSIVE;
				GCC_WARN_UNUSED_FUNCTION = YES;
				GCC_WARN_UNUSED_VARIABLE = YES;
				LOCALIZATION_PREFERS_STRING_CATALOGS = YES;
				MACOSX_DEPLOYMENT_TARGET = 26.0;
				MTL_ENABLE_DEBUG_INFO = INCLUDE_SOURCE;
				MTL_FAST_MATH = YES;
				ONLY_ACTIVE_ARCH = YES;
				SDKROOT = macosx;
				SWIFT_ACTIVE_COMPILATION_CONDITIONS = "DEBUG $(inherited)";
				SWIFT_OPTIMIZATION_LEVEL = "-Onone";
			};
			name = Debug;
		};
		732F90D32E05B9C900CD4CED /* Release */ = {
			isa = XCBuildConfiguration;
			buildSettings = {
				ALWAYS_SEARCH_USER_PATHS = NO;
				ASSETCATALOG_COMPILER_GENERATE_SWIFT_ASSET_SYMBOL_EXTENSIONS = YES;
				CLANG_ANALYZER_NONNULL = YES;
				CLANG_ANALYZER_NUMBER_OBJECT_CONVERSION = YES_AGGRESSIVE;
				CLANG_CXX_LANGUAGE_STANDARD = "gnu++20";
				CLANG_ENABLE_MODULES = YES;
				CLANG_ENABLE_OBJC_ARC = YES;
				CLANG_ENABLE_OBJC_WEAK = YES;
				CLANG_WARN_BLOCK_CAPTURE_AUTORELEASING = YES;
				CLANG_WARN_BOOL_CONVERSION = YES;
				CLANG_WARN_COMMA = YES;
				CLANG_WARN_CONSTANT_CONVERSION = YES;
				CLANG_WARN_DEPRECATED_OBJC_IMPLEMENTATIONS = YES;
				CLANG_WARN_DIRECT_OBJC_ISA_USAGE = YES_ERROR;
				CLANG_WARN_DOCUMENTATION_COMMENTS = YES;
				CLANG_WARN_EMPTY_BODY = YES;
				CLANG_WARN_ENUM_CONVERSION = YES;
				CLANG_WARN_INFINITE_RECURSION = YES;
				CLANG_WARN_INT_CONVERSION = YES;
				CLANG_WARN_NON_LITERAL_NULL_CONVERSION = YES;
				CLANG_WARN_OBJC_IMPLICIT_RETAIN_SELF = YES;
				CLANG_WARN_OBJC_LITERAL_CONVERSION = YES;
				CLANG_WARN_OBJC_ROOT_CLASS = YES_ERROR;
				CLANG_WARN_QUOTED_INCLUDE_IN_FRAMEWORK_HEADER = YES;
				CLANG_WARN_RANGE_LOOP_ANALYSIS = YES;
				CLANG_WARN_STRICT_PROTOTYPES = YES;
				CLANG_WARN_SUSPICIOUS_MOVE = YES;
				CLANG_WARN_UNGUARDED_AVAILABILITY = YES_AGGRESSIVE;
				CLANG_WARN_UNREACHABLE_CODE = YES;
				CLANG_WARN__DUPLICATE_METHOD_MATCH = YES;
				COPY_PHASE_STRIP = NO;
				DEBUG_INFORMATION_FORMAT = "dwarf-with-dsym";
				DEVELOPMENT_TEAM = XTNQ4MWC26;
				ENABLE_NS_ASSERTIONS = NO;
				ENABLE_STRICT_OBJC_MSGSEND = YES;
				ENABLE_USER_SCRIPT_SANDBOXING = YES;
				GCC_C_LANGUAGE_STANDARD = gnu17;
				GCC_NO_COMMON_BLOCKS = YES;
				GCC_WARN_64_TO_32_BIT_CONVERSION = YES;
				GCC_WARN_ABOUT_RETURN_TYPE = YES_ERROR;
				GCC_WARN_UNDECLARED_SELECTOR = YES;
				GCC_WARN_UNINITIALIZED_AUTOS = YES_AGGRESSIVE;
				GCC_WARN_UNUSED_FUNCTION = YES;
				GCC_WARN_UNUSED_VARIABLE = YES;
				LOCALIZATION_PREFERS_STRING_CATALOGS = YES;
				MACOSX_DEPLOYMENT_TARGET = 26.0;
				MTL_ENABLE_DEBUG_INFO = NO;
				MTL_FAST_MATH = YES;
				SDKROOT = macosx;
				SWIFT_COMPILATION_MODE = wholemodule;
			};
			name = Release;
		};
		732F90D52E05B9C900CD4CED /* Debug */ = {
			isa = XCBuildConfiguration;
			buildSettings = {
				ASSETCATALOG_COMPILER_APPICON_NAME = AppIcon;
				ASSETCATALOG_COMPILER_GLOBAL_ACCENT_COLOR_NAME = AccentColor;
				ASSETCATALOG_COMPILER_INCLUDE_ALL_APPICON_ASSETS = YES;
				CODE_SIGN_STYLE = Automatic;
				COMBINE_HIDPI_IMAGES = YES;
				CURRENT_PROJECT_VERSION = 1;
				DEVELOPMENT_TEAM = XTNQ4MWC26;
				ENABLE_APP_SANDBOX = YES;
				ENABLE_HARDENED_RUNTIME = YES;
				ENABLE_PREVIEWS = YES;
				ENABLE_USER_SELECTED_FILES = readonly;
				GENERATE_INFOPLIST_FILE = YES;
				INFOPLIST_KEY_CFBundleDisplayName = PassKit;
				INFOPLIST_KEY_LSApplicationCategoryType = "public.app-category.developer-tools";
				INFOPLIST_KEY_NSHumanReadableCopyright = "";
				LD_RUNPATH_SEARCH_PATHS = (
					"$(inherited)",
					"@executable_path/../Frameworks",
				);
				LIBRARY_SEARCH_PATHS = (
					"$(inherited)",
					"$(PROJECT_DIR)/PassKit/Legacy-iOS-Kit_macos_v25/bin/macos/lib",
					"$(PROJECT_DIR)/PassKit/Legacy-iOS-Kit_macos_v25/bin/macos/arm64/lib",
					"$(PROJECT_DIR)/PassKit/Legacy-iOS-Kit_macos_v25/resources/jailbreak/g1lbertJB/payload/debs",
					"$(PROJECT_DIR)/PassKit/Legacy-iOS-Kit_macos_v25/resources/jailbreak/g1lbertJB/payload/common",
					"$(PROJECT_DIR)/PassKit/Legacy-iOS-Kit_macos_v25/resources/jailbreak/g1lbertJB/payload/evasi0n",
					"$(PROJECT_DIR)/PassKit/LIOSK/bin/macos/arm64/lib",
					"$(PROJECT_DIR)/PassKit/LIOSK/bin/macos/lib",
					"$(PROJECT_DIR)/PassKit/LIOSK/resources/jailbreak/g1lbertJB/payload/common",
					"$(PROJECT_DIR)/PassKit/LIOSK/resources/jailbreak/g1lbertJB/payload/debs",
					"$(PROJECT_DIR)/PassKit/LIOSK/resources/jailbreak/g1lbertJB/payload/evasi0n",
				);
				MARKETING_VERSION = 1.0;
				PRODUCT_BUNDLE_IDENTIFIER = Velyzo.PassKit;
				PRODUCT_NAME = "$(TARGET_NAME)";
				REGISTER_APP_GROUPS = YES;
				STRING_CATALOG_GENERATE_SYMBOLS = YES;
				SWIFT_DEFAULT_ACTOR_ISOLATION = MainActor;
				SWIFT_EMIT_LOC_STRINGS = YES;
				SWIFT_UPCOMING_FEATURE_MEMBER_IMPORT_VISIBILITY = YES;
				SWIFT_VERSION = 5.0;
			};
			name = Debug;
		};
		732F90D62E05B9C900CD4CED /* Release */ = {
			isa = XCBuildConfiguration;
			buildSettings = {
				ASSETCATALOG_COMPILER_APPICON_NAME = AppIcon;
				ASSETCATALOG_COMPILER_GLOBAL_ACCENT_COLOR_NAME = AccentColor;
				ASSETCATALOG_COMPILER_INCLUDE_ALL_APPICON_ASSETS = YES;
				CODE_SIGN_STYLE = Automatic;
				COMBINE_HIDPI_IMAGES = YES;
				CURRENT_PROJECT_VERSION = 1;
				DEVELOPMENT_TEAM = XTNQ4MWC26;
				ENABLE_APP_SANDBOX = YES;
				ENABLE_HARDENED_RUNTIME = YES;
				ENABLE_PREVIEWS = YES;
				ENABLE_USER_SELECTED_FILES = readonly;
				GENERATE_INFOPLIST_FILE = YES;
				INFOPLIST_KEY_CFBundleDisplayName = PassKit;
				INFOPLIST_KEY_LSApplicationCategoryType = "public.app-category.developer-tools";
				INFOPLIST_KEY_NSHumanReadableCopyright = "";
				LD_RUNPATH_SEARCH_PATHS = (
					"$(inherited)",
					"@executable_path/../Frameworks",
				);
				LIBRARY_SEARCH_PATHS = (
					"$(inherited)",
					"$(PROJECT_DIR)/PassKit/Legacy-iOS-Kit_macos_v25/bin/macos/lib",
					"$(PROJECT_DIR)/PassKit/Legacy-iOS-Kit_macos_v25/bin/macos/arm64/lib",
					"$(PROJECT_DIR)/PassKit/Legacy-iOS-Kit_macos_v25/resources/jailbreak/g1lbertJB/payload/debs",
					"$(PROJECT_DIR)/PassKit/Legacy-iOS-Kit_macos_v25/resources/jailbreak/g1lbertJB/payload/common",
					"$(PROJECT_DIR)/PassKit/Legacy-iOS-Kit_macos_v25/resources/jailbreak/g1lbertJB/payload/evasi0n",
					"$(PROJECT_DIR)/PassKit/LIOSK/bin/macos/arm64/lib",
					"$(PROJECT_DIR)/PassKit/LIOSK/bin/macos/lib",
					"$(PROJECT_DIR)/PassKit/LIOSK/resources/jailbreak/g1lbertJB/payload/common",
					"$(PROJECT_DIR)/PassKit/LIOSK/resources/jailbreak/g1lbertJB/payload/debs",
					"$(PROJECT_DIR)/PassKit/LIOSK/resources/jailbreak/g1lbertJB/payload/evasi0n",
				);
				MARKETING_VERSION = 1.0;
				PRODUCT_BUNDLE_IDENTIFIER = Velyzo.PassKit;
				PRODUCT_NAME = "$(TARGET_NAME)";
				REGISTER_APP_GROUPS = YES;
				STRING_CATALOG_GENERATE_SYMBOLS = YES;
				SWIFT_DEFAULT_ACTOR_ISOLATION = MainActor;
				SWIFT_EMIT_LOC_STRINGS = YES;
				SWIFT_UPCOMING_FEATURE_MEMBER_IMPORT_VISIBILITY = YES;
				SWIFT_VERSION = 5.0;
			};
			name = Release;
		};
		732F90D82E05B9C900CD4CED /* Debug */ = {
			isa = XCBuildConfiguration;
			buildSettings = {
				BUNDLE_LOADER = "$(TEST_HOST)";
				CODE_SIGN_STYLE = Automatic;
				CURRENT_PROJECT_VERSION = 1;
				DEVELOPMENT_TEAM = XTNQ4MWC26;
				GENERATE_INFOPLIST_FILE = YES;
				MACOSX_DEPLOYMENT_TARGET = 26.0;
				MARKETING_VERSION = 1.0;
				PRODUCT_BUNDLE_IDENTIFIER = Velyzo.PassKitTests;
				PRODUCT_NAME = "$(TARGET_NAME)";
				STRING_CATALOG_GENERATE_SYMBOLS = NO;
				SWIFT_EMIT_LOC_STRINGS = NO;
				SWIFT_UPCOMING_FEATURE_MEMBER_IMPORT_VISIBILITY = YES;
				SWIFT_VERSION = 5.0;
				TEST_HOST = "$(BUILT_PRODUCTS_DIR)/PassKit.app/$(BUNDLE_EXECUTABLE_FOLDER_PATH)/PassKit";
			};
			name = Debug;
		};
		732F90D92E05B9C900CD4CED /* Release */ = {
			isa = XCBuildConfiguration;
			buildSettings = {
				BUNDLE_LOADER = "$(TEST_HOST)";
				CODE_SIGN_STYLE = Automatic;
				CURRENT_PROJECT_VERSION = 1;
				DEVELOPMENT_TEAM = XTNQ4MWC26;
				GENERATE_INFOPLIST_FILE = YES;
				MACOSX_DEPLOYMENT_TARGET = 26.0;
				MARKETING_VERSION = 1.0;
				PRODUCT_BUNDLE_IDENTIFIER = Velyzo.PassKitTests;
				PRODUCT_NAME = "$(TARGET_NAME)";
				STRING_CATALOG_GENERATE_SYMBOLS = NO;
				SWIFT_EMIT_LOC_STRINGS = NO;
				SWIFT_UPCOMING_FEATURE_MEMBER_IMPORT_VISIBILITY = YES;
				SWIFT_VERSION = 5.0;
				TEST_HOST = "$(BUILT_PRODUCTS_DIR)/PassKit.app/$(BUNDLE_EXECUTABLE_FOLDER_PATH)/PassKit";
			};
			name = Release;
		};
		732F90DB2E05B9C900CD4CED /* Debug */ = {
			isa = XCBuildConfiguration;
			buildSettings = {
				CODE_SIGN_STYLE = Automatic;
				CURRENT_PROJECT_VERSION = 1;
				DEVELOPMENT_TEAM = XTNQ4MWC26;
				GENERATE_INFOPLIST_FILE = YES;
				MARKETING_VERSION = 1.0;
				PRODUCT_BUNDLE_IDENTIFIER = Velyzo.PassKitUITests;
				PRODUCT_NAME = "$(TARGET_NAME)";
				STRING_CATALOG_GENERATE_SYMBOLS = NO;
				SWIFT_EMIT_LOC_STRINGS = NO;
				SWIFT_UPCOMING_FEATURE_MEMBER_IMPORT_VISIBILITY = YES;
				SWIFT_VERSION = 5.0;
				TEST_TARGET_NAME = PassKit;
			};
			name = Debug;
		};
		732F90DC2E05B9C900CD4CED /* Release */ = {
			isa = XCBuildConfiguration;
			buildSettings = {
				CODE_SIGN_STYLE = Automatic;
				CURRENT_PROJECT_VERSION = 1;
				DEVELOPMENT_TEAM = XTNQ4MWC26;
				GENERATE_INFOPLIST_FILE = YES;
				MARKETING_VERSION = 1.0;
				PRODUCT_BUNDLE_IDENTIFIER = Velyzo.PassKitUITests;
				PRODUCT_NAME = "$(TARGET_NAME)";
				STRING_CATALOG_GENERATE_SYMBOLS = NO;
				SWIFT_EMIT_LOC_STRINGS = NO;
				SWIFT_UPCOMING_FEATURE_MEMBER_IMPORT_VISIBILITY = YES;
				SWIFT_VERSION = 5.0;
				TEST_TARGET_NAME = PassKit;
			};
			name = Release;
		};
/* End XCBuildConfiguration section */

/* Begin XCConfigurationList section */
		732F90AE2E05B9C700CD4CED /* Build configuration list for PBXProject "PassKit" */ = {
			isa = XCConfigurationList;
			buildConfigurations = (
				732F90D22E05B9C900CD4CED /* Debug */,
				732F90D32E05B9C900CD4CED /* Release */,
			);
			defaultConfigurationIsVisible = 0;
			defaultConfigurationName = Release;
		};
		732F90D42E05B9C900CD4CED /* Build configuration list for PBXNativeTarget "PassKit" */ = {
			isa = XCConfigurationList;
			buildConfigurations = (
				732F90D52E05B9C900CD4CED /* Debug */,
				732F90D62E05B9C900CD4CED /* Release */,
			);
			defaultConfigurationIsVisible = 0;
			defaultConfigurationName = Release;
		};
		732F90D72E05B9C900CD4CED /* Build configuration list for PBXNativeTarget "PassKitTests" */ = {
			isa = XCConfigurationList;
			buildConfigurations = (
				732F90D82E05B9C900CD4CED /* Debug */,
				732F90D92E05B9C900CD4CED /* Release */,
			);
			defaultConfigurationIsVisible = 0;
			defaultConfigurationName = Release;
		};
		732F90DA2E05B9C900CD4CED /* Build configuration list for PBXNativeTarget "PassKitUITests" */ = {
			isa = XCConfigurationList;
			buildConfigurations = (
				732F90DB2E05B9C900CD4CED /* Debug */,
				732F90DC2E05B9C900CD4CED /* Release */,
			);
			defaultConfigurationIsVisible = 0;
			defaultConfigurationName = Release;
		};
/* End XCConfigurationList section */
	};
	rootObject = 732F90AB2E05B9C700CD4CED /* Project object */;
}
